
Microsoft Visual Studio Solution File, Format Version 12.00
# Visual Studio Version 16
VisualStudioVersion = 16.0.29613.14
MinimumVisualStudioVersion = 10.0.40219.1
Project("{9A19103F-16F7-4668-BE54-9A1E7A4F7556}") = "DebugDotNet", "DebugDotNet.csproj", "{A6221B44-64D9-4EAF-A96C-0BCE8E3F3411}"
EndProject
Project("{9A19103F-16F7-4668-BE54-9A1E7A4F7556}") = "DebugDotNetTests", "..\DebugWorldViewTests\DebugDotNetTests.csproj", "{9B9B2E0C-564B-4B9F-8D45-3AE32A0346FF}"
EndProject
Project("{FAE04EC0-301F-11D3-BF4B-00C04F79EFBC}") = "PeTestCase", "..\PeTestCase\PeTestCase.csproj", "{FCEC3717-EB07-4B25-83D4-63ED989D2D7B}"
	ProjectSection(ProjectDependencies) = postProject
		{A6221B44-64D9-4EAF-A96C-0BCE8E3F3411} = {A6221B44-64D9-4EAF-A96C-0BCE8E3F3411}
	EndProjectSection
EndProject
Project("{8BC9CEB8-8B4A-11D0-8D11-00A0C91BC942}") = "TestCaseNullReference", "..\TestCaseNullReference\TestCaseNullReference.vcxproj", "{3FE9E9AF-0DE0-4FAF-B595-4CA47A344F8A}"
EndProject
Project("{2150E333-8FDC-42A3-9474-1A3956D46DE8}") = "TestSoftware", "TestSoftware", "{E26973E7-EF6A-4BBF-9CFC-5F7D832247BE}"
EndProject
Global
	GlobalSection(SolutionConfigurationPlatforms) = preSolution
		Debug|Any CPU = Debug|Any CPU
		Debug|x64 = Debug|x64
		Debug|x86 = Debug|x86
		Release|Any CPU = Release|Any CPU
		Release|x64 = Release|x64
		Release|x86 = Release|x86
	EndGlobalSection
	GlobalSection(ProjectConfigurationPlatforms) = postSolution
		{A6221B44-64D9-4EAF-A96C-0BCE8E3F3411}.Debug|Any CPU.ActiveCfg = Debug|Any CPU
		{A6221B44-64D9-4EAF-A96C-0BCE8E3F3411}.Debug|Any CPU.Build.0 = Debug|Any CPU
		{A6221B44-64D9-4EAF-A96C-0BCE8E3F3411}.Debug|x64.ActiveCfg = Debug|Any CPU
		{A6221B44-64D9-4EAF-A96C-0BCE8E3F3411}.Debug|x64.Build.0 = Debug|Any CPU
		{A6221B44-64D9-4EAF-A96C-0BCE8E3F3411}.Debug|x86.ActiveCfg = Debug|Any CPU
		{A6221B44-64D9-4EAF-A96C-0BCE8E3F3411}.Debug|x86.Build.0 = Debug|Any CPU
		{A6221B44-64D9-4EAF-A96C-0BCE8E3F3411}.Release|Any CPU.ActiveCfg = Release|Any CPU
		{A6221B44-64D9-4EAF-A96C-0BCE8E3F3411}.Release|Any CPU.Build.0 = Release|Any CPU
		{A6221B44-64D9-4EAF-A96C-0BCE8E3F3411}.Release|x64.ActiveCfg = Release|Any CPU
		{A6221B44-64D9-4EAF-A96C-0BCE8E3F3411}.Release|x64.Build.0 = Release|Any CPU
		{A6221B44-64D9-4EAF-A96C-0BCE8E3F3411}.Release|x86.ActiveCfg = Release|Any CPU
		{A6221B44-64D9-4EAF-A96C-0BCE8E3F3411}.Release|x86.Build.0 = Release|Any CPU
		{9B9B2E0C-564B-4B9F-8D45-3AE32A0346FF}.Debug|Any CPU.ActiveCfg = Debug|Any CPU
		{9B9B2E0C-564B-4B9F-8D45-3AE32A0346FF}.Debug|Any CPU.Build.0 = Debug|Any CPU
		{9B9B2E0C-564B-4B9F-8D45-3AE32A0346FF}.Debug|x64.ActiveCfg = Debug|Any CPU
		{9B9B2E0C-564B-4B9F-8D45-3AE32A0346FF}.Debug|x64.Build.0 = Debug|Any CPU
		{9B9B2E0C-564B-4B9F-8D45-3AE32A0346FF}.Debug|x86.ActiveCfg = Debug|Any CPU
		{9B9B2E0C-564B-4B9F-8D45-3AE32A0346FF}.Debug|x86.Build.0 = Debug|Any CPU
		{9B9B2E0C-564B-4B9F-8D45-3AE32A0346FF}.Release|Any CPU.ActiveCfg = Release|Any CPU
		{9B9B2E0C-564B-4B9F-8D45-3AE32A0346FF}.Release|Any CPU.Build.0 = Release|Any CPU
		{9B9B2E0C-564B-4B9F-8D45-3AE32A0346FF}.Release|x64.ActiveCfg = Release|Any CPU
		{9B9B2E0C-564B-4B9F-8D45-3AE32A0346FF}.Release|x64.Build.0 = Release|Any CPU
		{9B9B2E0C-564B-4B9F-8D45-3AE32A0346FF}.Release|x86.ActiveCfg = Release|Any CPU
		{9B9B2E0C-564B-4B9F-8D45-3AE32A0346FF}.Release|x86.Build.0 = Release|Any CPU
		{FCEC3717-EB07-4B25-83D4-63ED989D2D7B}.Debug|Any CPU.ActiveCfg = Debug|Any CPU
		{FCEC3717-EB07-4B25-83D4-63ED989D2D7B}.Debug|Any CPU.Build.0 = Debug|Any CPU
		{FCEC3717-EB07-4B25-83D4-63ED989D2D7B}.Debug|x64.ActiveCfg = Debug|Any CPU
		{FCEC3717-EB07-4B25-83D4-63ED989D2D7B}.Debug|x64.Build.0 = Debug|Any CPU
		{FCEC3717-EB07-4B25-83D4-63ED989D2D7B}.Debug|x86.ActiveCfg = Debug|Any CPU
		{FCEC3717-EB07-4B25-83D4-63ED989D2D7B}.Debug|x86.Build.0 = Debug|Any CPU
		{FCEC3717-EB07-4B25-83D4-63ED989D2D7B}.Release|Any CPU.ActiveCfg = Release|Any CPU
		{FCEC3717-EB07-4B25-83D4-63ED989D2D7B}.Release|Any CPU.Build.0 = Release|Any CPU
		{FCEC3717-EB07-4B25-83D4-63ED989D2D7B}.Release|x64.ActiveCfg = Release|Any CPU
		{FCEC3717-EB07-4B25-83D4-63ED989D2D7B}.Release|x64.Build.0 = Release|Any CPU
		{FCEC3717-EB07-4B25-83D4-63ED989D2D7B}.Release|x86.ActiveCfg = Release|Any CPU
		{FCEC3717-EB07-4B25-83D4-63ED989D2D7B}.Release|x86.Build.0 = Release|Any CPU
		{3FE9E9AF-0DE0-4FAF-B595-4CA47A344F8A}.Debug|Any CPU.ActiveCfg = Debug|Win32
		{3FE9E9AF-0DE0-4FAF-B595-4CA47A344F8A}.Debug|Any CPU.Build.0 = Debug|Win32
		{3FE9E9AF-0DE0-4FAF-B595-4CA47A344F8A}.Debug|x64.ActiveCfg = Debug|x64
		{3FE9E9AF-0DE0-4FAF-B595-4CA47A344F8A}.Debug|x64.Build.0 = Debug|x64
		{3FE9E9AF-0DE0-4FAF-B595-4CA47A344F8A}.Debug|x86.ActiveCfg = Debug|Win32
		{3FE9E9AF-0DE0-4FAF-B595-4CA47A344F8A}.Debug|x86.Build.0 = Debug|Win32
		{3FE9E9AF-0DE0-4FAF-B595-4CA47A344F8A}.Release|Any CPU.ActiveCfg = Release|Win32
		{3FE9E9AF-0DE0-4FAF-B595-4CA47A344F8A}.Release|x64.ActiveCfg = Release|x64
		{3FE9E9AF-0DE0-4FAF-B595-4CA47A344F8A}.Release|x64.Build.0 = Release|x64
		{3FE9E9AF-0DE0-4FAF-B595-4CA47A344F8A}.Release|x86.ActiveCfg = Release|Win32
		{3FE9E9AF-0DE0-4FAF-B595-4CA47A344F8A}.Release|x86.Build.0 = Release|Win32
	EndGlobalSection
	GlobalSection(SolutionProperties) = preSolution
		HideSolutionNode = FALSE
	EndGlobalSection
	GlobalSection(NestedProjects) = preSolution
		{3FE9E9AF-0DE0-4FAF-B595-4CA47A344F8A} = {E26973E7-EF6A-4BBF-9CFC-5F7D832247BE}
	EndGlobalSection
	GlobalSection(ExtensibilityGlobals) = postSolution
		SolutionGuid = {E8EB8226-2BF0-4DC3-9CC2-3EE75ACDD886}
	EndGlobalSection
EndGlobal
