
Microsoft Visual Studio Solution File, Format Version 12.00
# Visual Studio Version 16
VisualStudioVersion = 16.0.29613.14
MinimumVisualStudioVersion = 10.0.40219.1
Project("{9A19103F-16F7-4668-BE54-9A1E7A4F7556}") = "DebugDotNet", "DebugDotNet.csproj", "{A6221B44-64D9-4EAF-A96C-0BCE8E3F3411}"
	ProjectSection(ProjectDependencies) = postProject
		{BCDD8DD9-B709-49FA-B0A4-0C074912BA15} = {BCDD8DD9-B709-49FA-B0A4-0C074912BA15}
	EndProjectSection
EndProject
Project("{9A19103F-16F7-4668-BE54-9A1E7A4F7556}") = "DebugDotNetTests", "..\DebugWorldViewTests\DebugDotNetTests.csproj", "{9B9B2E0C-564B-4B9F-8D45-3AE32A0346FF}"
EndProject
Project("{FAE04EC0-301F-11D3-BF4B-00C04F79EFBC}") = "PeTestCase", "..\PeTestCase\PeTestCase.csproj", "{FCEC3717-EB07-4B25-83D4-63ED989D2D7B}"
	ProjectSection(ProjectDependencies) = postProject
		{A6221B44-64D9-4EAF-A96C-0BCE8E3F3411} = {A6221B44-64D9-4EAF-A96C-0BCE8E3F3411}
		{BCDD8DD9-B709-49FA-B0A4-0C074912BA15} = {BCDD8DD9-B709-49FA-B0A4-0C074912BA15}
	EndProjectSection
EndProject
Project("{2150E333-8FDC-42A3-9474-1A3956D46DE8}") = "TestSoftware", "TestSoftware", "{E26973E7-EF6A-4BBF-9CFC-5F7D832247BE}"
EndProject
Project("{2150E333-8FDC-42A3-9474-1A3956D46DE8}") = "NativeHelperSource", "NativeHelperSource", "{A00E62A0-3135-4E85-834E-5BE67D2EC0D1}"
EndProject
Project("{8BC9CEB8-8B4A-11D0-8D11-00A0C91BC942}") = "TestCaseDetourCreateProcessWithDll", "..\Tests\TestCaseDetourCreateProcessWithDll\TestCaseDetourCreateProcessWithDll.vcxproj", "{99577119-7F0C-4DAD-ABC9-79DFDB528E26}"
EndProject
Project("{8BC9CEB8-8B4A-11D0-8D11-00A0C91BC942}") = "Detours", "NativeHelperSource\Detours-4.0.1\Detours\Detours.vcxproj", "{BCDD8DD9-B709-49FA-B0A4-0C074912BA15}"
EndProject
Project("{8BC9CEB8-8B4A-11D0-8D11-00A0C91BC942}") = "TestCaseNullReference", "..\Tests\TestCaseNullReference\TestCaseNullReference.vcxproj", "{3FE9E9AF-0DE0-4FAF-B595-4CA47A344F8A}"
EndProject
Project("{8BC9CEB8-8B4A-11D0-8D11-00A0C91BC942}") = "TestDllLoad", "..\Tests\TestDllLoad\TestDllLoad.vcxproj", "{F0F071DA-F170-41A9-8D1A-D587A7490979}"
EndProject
Project("{8BC9CEB8-8B4A-11D0-8D11-00A0C91BC942}") = "BuildDetoursStaticLib", "NativeHelperSource\BuildDetoursStaticLib\BuildDetoursStaticLib.vcxproj", "{3B5C800D-37C9-47E0-8849-32E4A0133613}"
	ProjectSection(ProjectDependencies) = postProject
		{BCDD8DD9-B709-49FA-B0A4-0C074912BA15} = {BCDD8DD9-B709-49FA-B0A4-0C074912BA15}
	EndProjectSection
EndProject
Project("{8BC9CEB8-8B4A-11D0-8D11-00A0C91BC942}") = "DebugDotNetDiver", "NativeHelperSource\DebugDotNetDiver\DebugDotNetDiver.vcxproj", "{8148333F-0F9B-4FA2-8B0B-50596DAA4342}"
	ProjectSection(ProjectDependencies) = postProject
		{3B5C800D-37C9-47E0-8849-32E4A0133613} = {3B5C800D-37C9-47E0-8849-32E4A0133613}
	EndProjectSection
EndProject
Project("{8BC9CEB8-8B4A-11D0-8D11-00A0C91BC942}") = "TestFollowCreateFile", "..\Tests\TestFollowCreateFile\TestFollowCreateFile.vcxproj", "{37C7FC38-8A82-49AB-9032-67DDBF1E9DC2}"
EndProject
Project("{8BC9CEB8-8B4A-11D0-8D11-00A0C91BC942}") = "DiverApiTester", "..\Tests\DiverApiTester\DiverApiTester.vcxproj", "{CCBC57FD-36D4-4DF4-85A9-644BD2196D71}"
EndProject
Project("{2150E333-8FDC-42A3-9474-1A3956D46DE8}") = "DetoursProject", "DetoursProject", "{DCE64FCB-2C77-41A2-ABFC-9305D9F36CE7}"
EndProject
Project("{2150E333-8FDC-42A3-9474-1A3956D46DE8}") = "DotNetStuff", "DotNetStuff", "{44B369E9-C394-4349-99D4-95A024427294}"
EndProject
Project("{FAE04EC0-301F-11D3-BF4B-00C04F79EFBC}") = "CodeGenTester", "..\CodeGenTester\CodeGenTester.csproj", "{1430CD82-A16F-4DD0-AD22-785C81030363}"
EndProject
Project("{FAE04EC0-301F-11D3-BF4B-00C04F79EFBC}") = "DiverTraceApiCodeGenLibrary", "..\DiverTraceApiCodeGen\DiverTraceApiCodeGen\DiverTraceApiCodeGenLibrary.csproj", "{31F29493-881B-486B-87F6-6D7B91C6D248}"
EndProject
Project("{FAE04EC0-301F-11D3-BF4B-00C04F79EFBC}") = "DiverApiCodeGen", "..\DiverApiCodeGen\DiverApiCodeGen.csproj", "{2772736B-48A3-44AE-99DB-D84F70026D4D}"
EndProject
Project("{2150E333-8FDC-42A3-9474-1A3956D46DE8}") = "Solution Items", "Solution Items", "{425FECCF-58B2-423E-A11E-BEFE42917A62}"
	ProjectSection(SolutionItems) = preProject
		.editorconfig = .editorconfig
	EndProjectSection
EndProject
Project("{FAE04EC0-301F-11D3-BF4B-00C04F79EFBC}") = "DiverDebugTestRun", "..\DiverDebugTestRun\DiverDebugTestRun.csproj", "{FE82ECA0-F5E9-454C-A77A-602AD7D64E5B}"
EndProject
Project("{FAE04EC0-301F-11D3-BF4B-00C04F79EFBC}") = "DebugHelpTesting", "..\DebugHelpTesting\DebugHelpTesting.csproj", "{C447D366-3355-4A5E-8DE3-D8A8585F3AA0}"
EndProject
Project("{FAE04EC0-301F-11D3-BF4B-00C04F79EFBC}") = "DebugDotNetDiverReader", "..\DiverDotNetDiverExt\DebugDotNetDiverReader.csproj", "{346B7807-6300-4EFB-9A81-3ECB178BAE9E}"
EndProject
Project("{2150E333-8FDC-42A3-9474-1A3956D46DE8}") = "DiverMangedCode", "DiverMangedCode", "{B2BAEE7E-D360-47D3-842F-FCE633E31724}"
EndProject
Project("{2150E333-8FDC-42A3-9474-1A3956D46DE8}") = "DebugDotNetStuff", "DebugDotNetStuff", "{BD4D1056-E441-4F78-AB10-189BC0ED67EC}"
EndProject
Project("{8BC9CEB8-8B4A-11D0-8D11-00A0C91BC942}") = "LdrTestApp", "..\Tests\LdrTestApp\LdrTestApp.vcxproj", "{CEDE3C22-881D-419A-AD96-6FE9D7927A05}"
EndProject
Project("{D954291E-2A0B-460D-934E-DC6B0785DB48}") = "DiverDllCodeGenVarTypes", "..\DiverDllCodeGenVarTypes\DiverDllCodeGenVarTypes.shproj", "{5D010592-6A0F-4E86-B5AB-DF96D0A4CC80}"
EndProject
Global
	GlobalSection(SharedMSBuildProjectFiles) = preSolution
		..\DiverDllCodeGenVarTypes\DiverDllCodeGenVarTypes.projitems*{346b7807-6300-4efb-9a81-3ecb178bae9e}*SharedItemsImports = 4
		..\DiverDllCodeGenVarTypes\DiverDllCodeGenVarTypes.projitems*{5d010592-6a0f-4e86-b5ab-df96d0a4cc80}*SharedItemsImports = 13
	EndGlobalSection
	GlobalSection(SolutionConfigurationPlatforms) = preSolution
		Debug|Any CPU = Debug|Any CPU
		Debug|x64 = Debug|x64
		Debug|x86 = Debug|x86
		Release|Any CPU = Release|Any CPU
		Release|x64 = Release|x64
		Release|x86 = Release|x86
	EndGlobalSection
	GlobalSection(ProjectConfigurationPlatforms) = postSolution
		{A6221B44-64D9-4EAF-A96C-0BCE8E3F3411}.Debug|Any CPU.ActiveCfg = Debug|Any CPU
		{A6221B44-64D9-4EAF-A96C-0BCE8E3F3411}.Debug|Any CPU.Build.0 = Debug|Any CPU
		{A6221B44-64D9-4EAF-A96C-0BCE8E3F3411}.Debug|x64.ActiveCfg = Debug|Any CPU
		{A6221B44-64D9-4EAF-A96C-0BCE8E3F3411}.Debug|x64.Build.0 = Debug|Any CPU
		{A6221B44-64D9-4EAF-A96C-0BCE8E3F3411}.Debug|x86.ActiveCfg = Debug|Any CPU
		{A6221B44-64D9-4EAF-A96C-0BCE8E3F3411}.Debug|x86.Build.0 = Debug|Any CPU
		{A6221B44-64D9-4EAF-A96C-0BCE8E3F3411}.Release|Any CPU.ActiveCfg = Release|Any CPU
		{A6221B44-64D9-4EAF-A96C-0BCE8E3F3411}.Release|Any CPU.Build.0 = Release|Any CPU
		{A6221B44-64D9-4EAF-A96C-0BCE8E3F3411}.Release|x64.ActiveCfg = Release|Any CPU
		{A6221B44-64D9-4EAF-A96C-0BCE8E3F3411}.Release|x64.Build.0 = Release|Any CPU
		{A6221B44-64D9-4EAF-A96C-0BCE8E3F3411}.Release|x86.ActiveCfg = Release|Any CPU
		{A6221B44-64D9-4EAF-A96C-0BCE8E3F3411}.Release|x86.Build.0 = Release|Any CPU
		{9B9B2E0C-564B-4B9F-8D45-3AE32A0346FF}.Debug|Any CPU.ActiveCfg = Debug|Any CPU
		{9B9B2E0C-564B-4B9F-8D45-3AE32A0346FF}.Debug|Any CPU.Build.0 = Debug|Any CPU
		{9B9B2E0C-564B-4B9F-8D45-3AE32A0346FF}.Debug|x64.ActiveCfg = Debug|Any CPU
		{9B9B2E0C-564B-4B9F-8D45-3AE32A0346FF}.Debug|x64.Build.0 = Debug|Any CPU
		{9B9B2E0C-564B-4B9F-8D45-3AE32A0346FF}.Debug|x86.ActiveCfg = Debug|Any CPU
		{9B9B2E0C-564B-4B9F-8D45-3AE32A0346FF}.Debug|x86.Build.0 = Debug|Any CPU
		{9B9B2E0C-564B-4B9F-8D45-3AE32A0346FF}.Release|Any CPU.ActiveCfg = Release|Any CPU
		{9B9B2E0C-564B-4B9F-8D45-3AE32A0346FF}.Release|Any CPU.Build.0 = Release|Any CPU
		{9B9B2E0C-564B-4B9F-8D45-3AE32A0346FF}.Release|x64.ActiveCfg = Release|Any CPU
		{9B9B2E0C-564B-4B9F-8D45-3AE32A0346FF}.Release|x64.Build.0 = Release|Any CPU
		{9B9B2E0C-564B-4B9F-8D45-3AE32A0346FF}.Release|x86.ActiveCfg = Release|Any CPU
		{9B9B2E0C-564B-4B9F-8D45-3AE32A0346FF}.Release|x86.Build.0 = Release|Any CPU
		{FCEC3717-EB07-4B25-83D4-63ED989D2D7B}.Debug|Any CPU.ActiveCfg = Debug|Any CPU
		{FCEC3717-EB07-4B25-83D4-63ED989D2D7B}.Debug|x64.ActiveCfg = Debug|Any CPU
		{FCEC3717-EB07-4B25-83D4-63ED989D2D7B}.Debug|x64.Build.0 = Debug|Any CPU
		{FCEC3717-EB07-4B25-83D4-63ED989D2D7B}.Debug|x86.ActiveCfg = Debug|Any CPU
		{FCEC3717-EB07-4B25-83D4-63ED989D2D7B}.Debug|x86.Build.0 = Debug|Any CPU
		{FCEC3717-EB07-4B25-83D4-63ED989D2D7B}.Release|Any CPU.ActiveCfg = Release|Any CPU
		{FCEC3717-EB07-4B25-83D4-63ED989D2D7B}.Release|Any CPU.Build.0 = Release|Any CPU
		{FCEC3717-EB07-4B25-83D4-63ED989D2D7B}.Release|x64.ActiveCfg = Release|Any CPU
		{FCEC3717-EB07-4B25-83D4-63ED989D2D7B}.Release|x64.Build.0 = Release|Any CPU
		{FCEC3717-EB07-4B25-83D4-63ED989D2D7B}.Release|x86.ActiveCfg = Release|Any CPU
		{FCEC3717-EB07-4B25-83D4-63ED989D2D7B}.Release|x86.Build.0 = Release|Any CPU
		{99577119-7F0C-4DAD-ABC9-79DFDB528E26}.Debug|Any CPU.ActiveCfg = Debug|Win32
		{99577119-7F0C-4DAD-ABC9-79DFDB528E26}.Debug|x64.ActiveCfg = Debug|x64
		{99577119-7F0C-4DAD-ABC9-79DFDB528E26}.Debug|x64.Build.0 = Debug|x64
		{99577119-7F0C-4DAD-ABC9-79DFDB528E26}.Debug|x86.ActiveCfg = Debug|Win32
		{99577119-7F0C-4DAD-ABC9-79DFDB528E26}.Debug|x86.Build.0 = Debug|Win32
		{99577119-7F0C-4DAD-ABC9-79DFDB528E26}.Release|Any CPU.ActiveCfg = Release|Win32
		{99577119-7F0C-4DAD-ABC9-79DFDB528E26}.Release|x64.ActiveCfg = Release|x64
		{99577119-7F0C-4DAD-ABC9-79DFDB528E26}.Release|x64.Build.0 = Release|x64
		{99577119-7F0C-4DAD-ABC9-79DFDB528E26}.Release|x86.ActiveCfg = Release|Win32
		{99577119-7F0C-4DAD-ABC9-79DFDB528E26}.Release|x86.Build.0 = Release|Win32
		{BCDD8DD9-B709-49FA-B0A4-0C074912BA15}.Debug|Any CPU.ActiveCfg = Debug|Win32
		{BCDD8DD9-B709-49FA-B0A4-0C074912BA15}.Debug|Any CPU.Build.0 = Debug|Win32
		{BCDD8DD9-B709-49FA-B0A4-0C074912BA15}.Debug|x64.ActiveCfg = Debug|x64
		{BCDD8DD9-B709-49FA-B0A4-0C074912BA15}.Debug|x64.Build.0 = Debug|x64
		{BCDD8DD9-B709-49FA-B0A4-0C074912BA15}.Debug|x86.ActiveCfg = Debug|Win32
		{BCDD8DD9-B709-49FA-B0A4-0C074912BA15}.Debug|x86.Build.0 = Debug|Win32
		{BCDD8DD9-B709-49FA-B0A4-0C074912BA15}.Release|Any CPU.ActiveCfg = Release|Win32
		{BCDD8DD9-B709-49FA-B0A4-0C074912BA15}.Release|x64.ActiveCfg = Release|x64
		{BCDD8DD9-B709-49FA-B0A4-0C074912BA15}.Release|x64.Build.0 = Release|x64
		{BCDD8DD9-B709-49FA-B0A4-0C074912BA15}.Release|x86.ActiveCfg = Release|Win32
		{BCDD8DD9-B709-49FA-B0A4-0C074912BA15}.Release|x86.Build.0 = Release|Win32
		{3FE9E9AF-0DE0-4FAF-B595-4CA47A344F8A}.Debug|Any CPU.ActiveCfg = Debug|Win32
		{3FE9E9AF-0DE0-4FAF-B595-4CA47A344F8A}.Debug|x64.ActiveCfg = Debug|x64
		{3FE9E9AF-0DE0-4FAF-B595-4CA47A344F8A}.Debug|x64.Build.0 = Debug|x64
		{3FE9E9AF-0DE0-4FAF-B595-4CA47A344F8A}.Debug|x86.ActiveCfg = Debug|Win32
		{3FE9E9AF-0DE0-4FAF-B595-4CA47A344F8A}.Debug|x86.Build.0 = Debug|Win32
		{3FE9E9AF-0DE0-4FAF-B595-4CA47A344F8A}.Release|Any CPU.ActiveCfg = Release|Win32
		{3FE9E9AF-0DE0-4FAF-B595-4CA47A344F8A}.Release|x64.ActiveCfg = Release|x64
		{3FE9E9AF-0DE0-4FAF-B595-4CA47A344F8A}.Release|x64.Build.0 = Release|x64
		{3FE9E9AF-0DE0-4FAF-B595-4CA47A344F8A}.Release|x86.ActiveCfg = Release|Win32
		{3FE9E9AF-0DE0-4FAF-B595-4CA47A344F8A}.Release|x86.Build.0 = Release|Win32
		{F0F071DA-F170-41A9-8D1A-D587A7490979}.Debug|Any CPU.ActiveCfg = Debug|Win32
		{F0F071DA-F170-41A9-8D1A-D587A7490979}.Debug|x64.ActiveCfg = Debug|x64
		{F0F071DA-F170-41A9-8D1A-D587A7490979}.Debug|x64.Build.0 = Debug|x64
		{F0F071DA-F170-41A9-8D1A-D587A7490979}.Debug|x86.ActiveCfg = Debug|Win32
		{F0F071DA-F170-41A9-8D1A-D587A7490979}.Debug|x86.Build.0 = Debug|Win32
		{F0F071DA-F170-41A9-8D1A-D587A7490979}.Release|Any CPU.ActiveCfg = Release|Win32
		{F0F071DA-F170-41A9-8D1A-D587A7490979}.Release|x64.ActiveCfg = Release|x64
		{F0F071DA-F170-41A9-8D1A-D587A7490979}.Release|x64.Build.0 = Release|x64
		{F0F071DA-F170-41A9-8D1A-D587A7490979}.Release|x86.ActiveCfg = Release|Win32
		{F0F071DA-F170-41A9-8D1A-D587A7490979}.Release|x86.Build.0 = Release|Win32
		{3B5C800D-37C9-47E0-8849-32E4A0133613}.Debug|Any CPU.ActiveCfg = Debug|Win32
		{3B5C800D-37C9-47E0-8849-32E4A0133613}.Debug|Any CPU.Build.0 = Debug|Win32
		{3B5C800D-37C9-47E0-8849-32E4A0133613}.Debug|x64.ActiveCfg = Debug|x64
		{3B5C800D-37C9-47E0-8849-32E4A0133613}.Debug|x64.Build.0 = Debug|x64
		{3B5C800D-37C9-47E0-8849-32E4A0133613}.Debug|x86.ActiveCfg = Debug|Win32
		{3B5C800D-37C9-47E0-8849-32E4A0133613}.Debug|x86.Build.0 = Debug|Win32
		{3B5C800D-37C9-47E0-8849-32E4A0133613}.Release|Any CPU.ActiveCfg = Release|Win32
		{3B5C800D-37C9-47E0-8849-32E4A0133613}.Release|x64.ActiveCfg = Release|x64
		{3B5C800D-37C9-47E0-8849-32E4A0133613}.Release|x64.Build.0 = Release|x64
		{3B5C800D-37C9-47E0-8849-32E4A0133613}.Release|x86.ActiveCfg = Release|Win32
		{3B5C800D-37C9-47E0-8849-32E4A0133613}.Release|x86.Build.0 = Release|Win32
		{8148333F-0F9B-4FA2-8B0B-50596DAA4342}.Debug|Any CPU.ActiveCfg = Debug|Win32
		{8148333F-0F9B-4FA2-8B0B-50596DAA4342}.Debug|x64.ActiveCfg = Debug|x64
		{8148333F-0F9B-4FA2-8B0B-50596DAA4342}.Debug|x64.Build.0 = Debug|x64
		{8148333F-0F9B-4FA2-8B0B-50596DAA4342}.Debug|x86.ActiveCfg = Debug|Win32
		{8148333F-0F9B-4FA2-8B0B-50596DAA4342}.Debug|x86.Build.0 = Debug|Win32
		{8148333F-0F9B-4FA2-8B0B-50596DAA4342}.Release|Any CPU.ActiveCfg = Release|Win32
		{8148333F-0F9B-4FA2-8B0B-50596DAA4342}.Release|x64.ActiveCfg = Release|x64
		{8148333F-0F9B-4FA2-8B0B-50596DAA4342}.Release|x64.Build.0 = Release|x64
		{8148333F-0F9B-4FA2-8B0B-50596DAA4342}.Release|x86.ActiveCfg = Release|Win32
		{8148333F-0F9B-4FA2-8B0B-50596DAA4342}.Release|x86.Build.0 = Release|Win32
		{37C7FC38-8A82-49AB-9032-67DDBF1E9DC2}.Debug|Any CPU.ActiveCfg = Debug|Win32
		{37C7FC38-8A82-49AB-9032-67DDBF1E9DC2}.Debug|x64.ActiveCfg = Debug|x64
		{37C7FC38-8A82-49AB-9032-67DDBF1E9DC2}.Debug|x64.Build.0 = Debug|x64
		{37C7FC38-8A82-49AB-9032-67DDBF1E9DC2}.Debug|x86.ActiveCfg = Debug|Win32
		{37C7FC38-8A82-49AB-9032-67DDBF1E9DC2}.Debug|x86.Build.0 = Debug|Win32
		{37C7FC38-8A82-49AB-9032-67DDBF1E9DC2}.Release|Any CPU.ActiveCfg = Release|Win32
		{37C7FC38-8A82-49AB-9032-67DDBF1E9DC2}.Release|x64.ActiveCfg = Release|x64
		{37C7FC38-8A82-49AB-9032-67DDBF1E9DC2}.Release|x64.Build.0 = Release|x64
		{37C7FC38-8A82-49AB-9032-67DDBF1E9DC2}.Release|x86.ActiveCfg = Release|Win32
		{37C7FC38-8A82-49AB-9032-67DDBF1E9DC2}.Release|x86.Build.0 = Release|Win32
		{CCBC57FD-36D4-4DF4-85A9-644BD2196D71}.Debug|Any CPU.ActiveCfg = Debug|Win32
		{CCBC57FD-36D4-4DF4-85A9-644BD2196D71}.Debug|x64.ActiveCfg = Debug|x64
		{CCBC57FD-36D4-4DF4-85A9-644BD2196D71}.Debug|x64.Build.0 = Debug|x64
		{CCBC57FD-36D4-4DF4-85A9-644BD2196D71}.Debug|x86.ActiveCfg = Debug|Win32
		{CCBC57FD-36D4-4DF4-85A9-644BD2196D71}.Debug|x86.Build.0 = Debug|Win32
		{CCBC57FD-36D4-4DF4-85A9-644BD2196D71}.Release|Any CPU.ActiveCfg = Release|Win32
		{CCBC57FD-36D4-4DF4-85A9-644BD2196D71}.Release|x64.ActiveCfg = Release|x64
		{CCBC57FD-36D4-4DF4-85A9-644BD2196D71}.Release|x64.Build.0 = Release|x64
		{CCBC57FD-36D4-4DF4-85A9-644BD2196D71}.Release|x86.ActiveCfg = Release|Win32
		{CCBC57FD-36D4-4DF4-85A9-644BD2196D71}.Release|x86.Build.0 = Release|Win32
		{1430CD82-A16F-4DD0-AD22-785C81030363}.Debug|Any CPU.ActiveCfg = Debug|Any CPU
		{1430CD82-A16F-4DD0-AD22-785C81030363}.Debug|x64.ActiveCfg = Debug|Any CPU
		{1430CD82-A16F-4DD0-AD22-785C81030363}.Debug|x64.Build.0 = Debug|Any CPU
		{1430CD82-A16F-4DD0-AD22-785C81030363}.Debug|x86.ActiveCfg = Debug|Any CPU
		{1430CD82-A16F-4DD0-AD22-785C81030363}.Debug|x86.Build.0 = Debug|Any CPU
		{1430CD82-A16F-4DD0-AD22-785C81030363}.Release|Any CPU.ActiveCfg = Release|Any CPU
		{1430CD82-A16F-4DD0-AD22-785C81030363}.Release|Any CPU.Build.0 = Release|Any CPU
		{1430CD82-A16F-4DD0-AD22-785C81030363}.Release|x64.ActiveCfg = Release|Any CPU
		{1430CD82-A16F-4DD0-AD22-785C81030363}.Release|x64.Build.0 = Release|Any CPU
		{1430CD82-A16F-4DD0-AD22-785C81030363}.Release|x86.ActiveCfg = Release|Any CPU
		{1430CD82-A16F-4DD0-AD22-785C81030363}.Release|x86.Build.0 = Release|Any CPU
		{31F29493-881B-486B-87F6-6D7B91C6D248}.Debug|Any CPU.ActiveCfg = Debug|Any CPU
		{31F29493-881B-486B-87F6-6D7B91C6D248}.Debug|Any CPU.Build.0 = Debug|Any CPU
		{31F29493-881B-486B-87F6-6D7B91C6D248}.Debug|x64.ActiveCfg = Debug|Any CPU
		{31F29493-881B-486B-87F6-6D7B91C6D248}.Debug|x64.Build.0 = Debug|Any CPU
		{31F29493-881B-486B-87F6-6D7B91C6D248}.Debug|x86.ActiveCfg = Debug|Any CPU
		{31F29493-881B-486B-87F6-6D7B91C6D248}.Debug|x86.Build.0 = Debug|Any CPU
		{31F29493-881B-486B-87F6-6D7B91C6D248}.Release|Any CPU.ActiveCfg = Release|Any CPU
		{31F29493-881B-486B-87F6-6D7B91C6D248}.Release|Any CPU.Build.0 = Release|Any CPU
		{31F29493-881B-486B-87F6-6D7B91C6D248}.Release|x64.ActiveCfg = Release|Any CPU
		{31F29493-881B-486B-87F6-6D7B91C6D248}.Release|x64.Build.0 = Release|Any CPU
		{31F29493-881B-486B-87F6-6D7B91C6D248}.Release|x86.ActiveCfg = Release|Any CPU
		{31F29493-881B-486B-87F6-6D7B91C6D248}.Release|x86.Build.0 = Release|Any CPU
		{2772736B-48A3-44AE-99DB-D84F70026D4D}.Debug|Any CPU.ActiveCfg = Debug|Any CPU
		{2772736B-48A3-44AE-99DB-D84F70026D4D}.Debug|Any CPU.Build.0 = Debug|Any CPU
		{2772736B-48A3-44AE-99DB-D84F70026D4D}.Debug|x64.ActiveCfg = Debug|Any CPU
		{2772736B-48A3-44AE-99DB-D84F70026D4D}.Debug|x64.Build.0 = Debug|Any CPU
		{2772736B-48A3-44AE-99DB-D84F70026D4D}.Debug|x86.ActiveCfg = Debug|Any CPU
		{2772736B-48A3-44AE-99DB-D84F70026D4D}.Debug|x86.Build.0 = Debug|Any CPU
		{2772736B-48A3-44AE-99DB-D84F70026D4D}.Release|Any CPU.ActiveCfg = Release|Any CPU
		{2772736B-48A3-44AE-99DB-D84F70026D4D}.Release|Any CPU.Build.0 = Release|Any CPU
		{2772736B-48A3-44AE-99DB-D84F70026D4D}.Release|x64.ActiveCfg = Release|Any CPU
		{2772736B-48A3-44AE-99DB-D84F70026D4D}.Release|x64.Build.0 = Release|Any CPU
		{2772736B-48A3-44AE-99DB-D84F70026D4D}.Release|x86.ActiveCfg = Release|Any CPU
		{2772736B-48A3-44AE-99DB-D84F70026D4D}.Release|x86.Build.0 = Release|Any CPU
		{FE82ECA0-F5E9-454C-A77A-602AD7D64E5B}.Debug|Any CPU.ActiveCfg = Debug|Any CPU
		{FE82ECA0-F5E9-454C-A77A-602AD7D64E5B}.Debug|Any CPU.Build.0 = Debug|Any CPU
		{FE82ECA0-F5E9-454C-A77A-602AD7D64E5B}.Debug|x64.ActiveCfg = Debug|Any CPU
		{FE82ECA0-F5E9-454C-A77A-602AD7D64E5B}.Debug|x64.Build.0 = Debug|Any CPU
		{FE82ECA0-F5E9-454C-A77A-602AD7D64E5B}.Debug|x86.ActiveCfg = Debug|Any CPU
		{FE82ECA0-F5E9-454C-A77A-602AD7D64E5B}.Debug|x86.Build.0 = Debug|Any CPU
		{FE82ECA0-F5E9-454C-A77A-602AD7D64E5B}.Release|Any CPU.ActiveCfg = Release|Any CPU
		{FE82ECA0-F5E9-454C-A77A-602AD7D64E5B}.Release|Any CPU.Build.0 = Release|Any CPU
		{FE82ECA0-F5E9-454C-A77A-602AD7D64E5B}.Release|x64.ActiveCfg = Release|Any CPU
		{FE82ECA0-F5E9-454C-A77A-602AD7D64E5B}.Release|x64.Build.0 = Release|Any CPU
		{FE82ECA0-F5E9-454C-A77A-602AD7D64E5B}.Release|x86.ActiveCfg = Release|Any CPU
		{FE82ECA0-F5E9-454C-A77A-602AD7D64E5B}.Release|x86.Build.0 = Release|Any CPU
		{C447D366-3355-4A5E-8DE3-D8A8585F3AA0}.Debug|Any CPU.ActiveCfg = Debug|Any CPU
		{C447D366-3355-4A5E-8DE3-D8A8585F3AA0}.Debug|Any CPU.Build.0 = Debug|Any CPU
		{C447D366-3355-4A5E-8DE3-D8A8585F3AA0}.Debug|x64.ActiveCfg = Debug|Any CPU
		{C447D366-3355-4A5E-8DE3-D8A8585F3AA0}.Debug|x64.Build.0 = Debug|Any CPU
		{C447D366-3355-4A5E-8DE3-D8A8585F3AA0}.Debug|x86.ActiveCfg = Debug|Any CPU
		{C447D366-3355-4A5E-8DE3-D8A8585F3AA0}.Debug|x86.Build.0 = Debug|Any CPU
		{C447D366-3355-4A5E-8DE3-D8A8585F3AA0}.Release|Any CPU.ActiveCfg = Release|Any CPU
		{C447D366-3355-4A5E-8DE3-D8A8585F3AA0}.Release|Any CPU.Build.0 = Release|Any CPU
		{C447D366-3355-4A5E-8DE3-D8A8585F3AA0}.Release|x64.ActiveCfg = Release|Any CPU
		{C447D366-3355-4A5E-8DE3-D8A8585F3AA0}.Release|x64.Build.0 = Release|Any CPU
		{C447D366-3355-4A5E-8DE3-D8A8585F3AA0}.Release|x86.ActiveCfg = Release|Any CPU
		{C447D366-3355-4A5E-8DE3-D8A8585F3AA0}.Release|x86.Build.0 = Release|Any CPU
		{346B7807-6300-4EFB-9A81-3ECB178BAE9E}.Debug|Any CPU.ActiveCfg = Debug|Any CPU
		{346B7807-6300-4EFB-9A81-3ECB178BAE9E}.Debug|Any CPU.Build.0 = Debug|Any CPU
		{346B7807-6300-4EFB-9A81-3ECB178BAE9E}.Debug|x64.ActiveCfg = Debug|Any CPU
		{346B7807-6300-4EFB-9A81-3ECB178BAE9E}.Debug|x64.Build.0 = Debug|Any CPU
		{346B7807-6300-4EFB-9A81-3ECB178BAE9E}.Debug|x86.ActiveCfg = Debug|Any CPU
		{346B7807-6300-4EFB-9A81-3ECB178BAE9E}.Debug|x86.Build.0 = Debug|Any CPU
		{346B7807-6300-4EFB-9A81-3ECB178BAE9E}.Release|Any CPU.ActiveCfg = Release|Any CPU
		{346B7807-6300-4EFB-9A81-3ECB178BAE9E}.Release|Any CPU.Build.0 = Release|Any CPU
		{346B7807-6300-4EFB-9A81-3ECB178BAE9E}.Release|x64.ActiveCfg = Release|Any CPU
		{346B7807-6300-4EFB-9A81-3ECB178BAE9E}.Release|x64.Build.0 = Release|Any CPU
		{346B7807-6300-4EFB-9A81-3ECB178BAE9E}.Release|x86.ActiveCfg = Release|Any CPU
		{346B7807-6300-4EFB-9A81-3ECB178BAE9E}.Release|x86.Build.0 = Release|Any CPU
		{CEDE3C22-881D-419A-AD96-6FE9D7927A05}.Debug|Any CPU.ActiveCfg = Debug|Win32
		{CEDE3C22-881D-419A-AD96-6FE9D7927A05}.Debug|x64.ActiveCfg = Debug|x64
		{CEDE3C22-881D-419A-AD96-6FE9D7927A05}.Debug|x64.Build.0 = Debug|x64
		{CEDE3C22-881D-419A-AD96-6FE9D7927A05}.Debug|x86.ActiveCfg = Debug|Win32
		{CEDE3C22-881D-419A-AD96-6FE9D7927A05}.Debug|x86.Build.0 = Debug|Win32
		{CEDE3C22-881D-419A-AD96-6FE9D7927A05}.Release|Any CPU.ActiveCfg = Release|Win32
		{CEDE3C22-881D-419A-AD96-6FE9D7927A05}.Release|x64.ActiveCfg = Release|x64
		{CEDE3C22-881D-419A-AD96-6FE9D7927A05}.Release|x64.Build.0 = Release|x64
		{CEDE3C22-881D-419A-AD96-6FE9D7927A05}.Release|x86.ActiveCfg = Release|Win32
		{CEDE3C22-881D-419A-AD96-6FE9D7927A05}.Release|x86.Build.0 = Release|Win32
	EndGlobalSection
	GlobalSection(SolutionProperties) = preSolution
		HideSolutionNode = FALSE
	EndGlobalSection
	GlobalSection(NestedProjects) = preSolution
		{A6221B44-64D9-4EAF-A96C-0BCE8E3F3411} = {BD4D1056-E441-4F78-AB10-189BC0ED67EC}
		{FCEC3717-EB07-4B25-83D4-63ED989D2D7B} = {BD4D1056-E441-4F78-AB10-189BC0ED67EC}
		{99577119-7F0C-4DAD-ABC9-79DFDB528E26} = {E26973E7-EF6A-4BBF-9CFC-5F7D832247BE}
		{BCDD8DD9-B709-49FA-B0A4-0C074912BA15} = {DCE64FCB-2C77-41A2-ABFC-9305D9F36CE7}
		{3FE9E9AF-0DE0-4FAF-B595-4CA47A344F8A} = {E26973E7-EF6A-4BBF-9CFC-5F7D832247BE}
		{F0F071DA-F170-41A9-8D1A-D587A7490979} = {E26973E7-EF6A-4BBF-9CFC-5F7D832247BE}
		{3B5C800D-37C9-47E0-8849-32E4A0133613} = {DCE64FCB-2C77-41A2-ABFC-9305D9F36CE7}
		{8148333F-0F9B-4FA2-8B0B-50596DAA4342} = {A00E62A0-3135-4E85-834E-5BE67D2EC0D1}
		{37C7FC38-8A82-49AB-9032-67DDBF1E9DC2} = {E26973E7-EF6A-4BBF-9CFC-5F7D832247BE}
		{CCBC57FD-36D4-4DF4-85A9-644BD2196D71} = {E26973E7-EF6A-4BBF-9CFC-5F7D832247BE}
		{DCE64FCB-2C77-41A2-ABFC-9305D9F36CE7} = {A00E62A0-3135-4E85-834E-5BE67D2EC0D1}
		{1430CD82-A16F-4DD0-AD22-785C81030363} = {E26973E7-EF6A-4BBF-9CFC-5F7D832247BE}
		{31F29493-881B-486B-87F6-6D7B91C6D248} = {B2BAEE7E-D360-47D3-842F-FCE633E31724}
		{2772736B-48A3-44AE-99DB-D84F70026D4D} = {B2BAEE7E-D360-47D3-842F-FCE633E31724}
		{FE82ECA0-F5E9-454C-A77A-602AD7D64E5B} = {E26973E7-EF6A-4BBF-9CFC-5F7D832247BE}
		{C447D366-3355-4A5E-8DE3-D8A8585F3AA0} = {E26973E7-EF6A-4BBF-9CFC-5F7D832247BE}
		{346B7807-6300-4EFB-9A81-3ECB178BAE9E} = {B2BAEE7E-D360-47D3-842F-FCE633E31724}
		{B2BAEE7E-D360-47D3-842F-FCE633E31724} = {44B369E9-C394-4349-99D4-95A024427294}
		{BD4D1056-E441-4F78-AB10-189BC0ED67EC} = {44B369E9-C394-4349-99D4-95A024427294}
		{CEDE3C22-881D-419A-AD96-6FE9D7927A05} = {E26973E7-EF6A-4BBF-9CFC-5F7D832247BE}
		{5D010592-6A0F-4E86-B5AB-DF96D0A4CC80} = {B2BAEE7E-D360-47D3-842F-FCE633E31724}
	EndGlobalSection
	GlobalSection(ExtensibilityGlobals) = postSolution
		SolutionGuid = {E8EB8226-2BF0-4DC3-9CC2-3EE75ACDD886}
	EndGlobalSection
EndGlobal
